
Microsoft Visual Studio Solution File, Format Version 12.00
# Visual Studio Version 17
VisualStudioVersion = 17.3.32811.315
MinimumVisualStudioVersion = 10.0.40219.1
Project("{FAE04EC0-301F-11D3-BF4B-00C04F79EFBC}") = "Uppgift3.1", "Uppgift3.1\Uppgift3.1.csproj", "{62CBF610-3AB5-4B17-971F-2A7BE9B0134C}"
EndProject
Global
	GlobalSection(SolutionConfigurationPlatforms) = preSolution
		Debug|Any CPU = Debug|Any CPU
		Release|Any CPU = Release|Any CPU
	EndGlobalSection
	GlobalSection(ProjectConfigurationPlatforms) = postSolution
		{62CBF610-3AB5-4B17-971F-2A7BE9B0134C}.Debug|Any CPU.ActiveCfg = Debug|Any CPU
		{62CBF610-3AB5-4B17-971F-2A7BE9B0134C}.Debug|Any CPU.Build.0 = Debug|Any CPU
		{62CBF610-3AB5-4B17-971F-2A7BE9B0134C}.Release|Any CPU.ActiveCfg = Release|Any CPU
		{62CBF610-3AB5-4B17-971F-2A7BE9B0134C}.Release|Any CPU.Build.0 = Release|Any CPU
	EndGlobalSection
	GlobalSection(SolutionProperties) = preSolution
		HideSolutionNode = FALSE
	EndGlobalSection
	GlobalSection(ExtensibilityGlobals) = postSolution
		SolutionGuid = {24CE4ED2-580F-416D-9938-3056DD506C82}
	EndGlobalSection
EndGlobal
